// !$*UTF8*$!
{
	archiveVersion = 1;
	classes = {
	};
	objectVersion = 56;
	objects = {

/* Begin PBXBuildFile section */
		64A8645F2C67670F00EFB0CD /* swift_uiApp.swift in Sources */ = {isa = PBXBuildFile; fileRef = 64A8645E2C67670F00EFB0CD /* swift_uiApp.swift */; };
		64A864612C67670F00EFB0CD /* ContentView.swift in Sources */ = {isa = PBXBuildFile; fileRef = 64A864602C67670F00EFB0CD /* ContentView.swift */; };
		64A864632C67670F00EFB0CD /* Item.swift in Sources */ = {isa = PBXBuildFile; fileRef = 64A864622C67670F00EFB0CD /* Item.swift */; };
		64A864652C67671000EFB0CD /* Assets.xcassets in Resources */ = {isa = PBXBuildFile; fileRef = 64A864642C67671000EFB0CD /* Assets.xcassets */; };
		64A864692C67671000EFB0CD /* Preview Assets.xcassets in Resources */ = {isa = PBXBuildFile; fileRef = 64A864682C67671000EFB0CD /* Preview Assets.xcassets */; };
		64A864732C67671000EFB0CD /* swift_uiTests.swift in Sources */ = {isa = PBXBuildFile; fileRef = 64A864722C67671000EFB0CD /* swift_uiTests.swift */; };
		64A8647D2C67671000EFB0CD /* swift_uiUITests.swift in Sources */ = {isa = PBXBuildFile; fileRef = 64A8647C2C67671000EFB0CD /* swift_uiUITests.swift */; };
		64A8647F2C67671000EFB0CD /* swift_uiUITestsLaunchTests.swift in Sources */ = {isa = PBXBuildFile; fileRef = 64A8647E2C67671000EFB0CD /* swift_uiUITestsLaunchTests.swift */; };
		64A8648C2C6779BB00EFB0CD /* CircleImage.swift in Sources */ = {isa = PBXBuildFile; fileRef = 64A8648B2C6779BB00EFB0CD /* CircleImage.swift */; };
		64A8648E2C677C6600EFB0CD /* MapView.swift in Sources */ = {isa = PBXBuildFile; fileRef = 64A8648D2C677C6600EFB0CD /* MapView.swift */; };
/* End PBXBuildFile section */

/* Begin PBXContainerItemProxy section */
		64A8646F2C67671000EFB0CD /* PBXContainerItemProxy */ = {
			isa = PBXContainerItemProxy;
			containerPortal = 64A864532C67670F00EFB0CD /* Project object */;
			proxyType = 1;
			remoteGlobalIDString = 64A8645A2C67670F00EFB0CD;
			remoteInfo = "swift-ui";
		};
		64A864792C67671000EFB0CD /* PBXContainerItemProxy */ = {
			isa = PBXContainerItemProxy;
			containerPortal = 64A864532C67670F00EFB0CD /* Project object */;
			proxyType = 1;
			remoteGlobalIDString = 64A8645A2C67670F00EFB0CD;
			remoteInfo = "swift-ui";
		};
/* End PBXContainerItemProxy section */

/* Begin PBXFileReference section */
		64A8645B2C67670F00EFB0CD /* swift-ui.app */ = {isa = PBXFileReference; explicitFileType = wrapper.application; includeInIndex = 0; path = "swift-ui.app"; sourceTree = BUILT_PRODUCTS_DIR; };
		64A8645E2C67670F00EFB0CD /* swift_uiApp.swift */ = {isa = PBXFileReference; lastKnownFileType = sourcecode.swift; path = swift_uiApp.swift; sourceTree = "<group>"; };
		64A864602C67670F00EFB0CD /* ContentView.swift */ = {isa = PBXFileReference; lastKnownFileType = sourcecode.swift; path = ContentView.swift; sourceTree = "<group>"; };
		64A864622C67670F00EFB0CD /* Item.swift */ = {isa = PBXFileReference; lastKnownFileType = sourcecode.swift; path = Item.swift; sourceTree = "<group>"; };
		64A864642C67671000EFB0CD /* Assets.xcassets */ = {isa = PBXFileReference; lastKnownFileType = folder.assetcatalog; path = Assets.xcassets; sourceTree = "<group>"; };
		64A864662C67671000EFB0CD /* swift_ui.entitlements */ = {isa = PBXFileReference; lastKnownFileType = text.plist.entitlements; path = swift_ui.entitlements; sourceTree = "<group>"; };
		64A864682C67671000EFB0CD /* Preview Assets.xcassets */ = {isa = PBXFileReference; lastKnownFileType = folder.assetcatalog; path = "Preview Assets.xcassets"; sourceTree = "<group>"; };
		64A8646E2C67671000EFB0CD /* swift-uiTests.xctest */ = {isa = PBXFileReference; explicitFileType = wrapper.cfbundle; includeInIndex = 0; path = "swift-uiTests.xctest"; sourceTree = BUILT_PRODUCTS_DIR; };
		64A864722C67671000EFB0CD /* swift_uiTests.swift */ = {isa = PBXFileReference; lastKnownFileType = sourcecode.swift; path = swift_uiTests.swift; sourceTree = "<group>"; };
		64A864782C67671000EFB0CD /* swift-uiUITests.xctest */ = {isa = PBXFileReference; explicitFileType = wrapper.cfbundle; includeInIndex = 0; path = "swift-uiUITests.xctest"; sourceTree = BUILT_PRODUCTS_DIR; };
		64A8647C2C67671000EFB0CD /* swift_uiUITests.swift */ = {isa = PBXFileReference; lastKnownFileType = sourcecode.swift; path = swift_uiUITests.swift; sourceTree = "<group>"; };
		64A8647E2C67671000EFB0CD /* swift_uiUITestsLaunchTests.swift */ = {isa = PBXFileReference; lastKnownFileType = sourcecode.swift; path = swift_uiUITestsLaunchTests.swift; sourceTree = "<group>"; };
		64A8648B2C6779BB00EFB0CD /* CircleImage.swift */ = {isa = PBXFileReference; lastKnownFileType = sourcecode.swift; path = CircleImage.swift; sourceTree = "<group>"; };
		64A8648D2C677C6600EFB0CD /* MapView.swift */ = {isa = PBXFileReference; lastKnownFileType = sourcecode.swift; path = MapView.swift; sourceTree = "<group>"; };
/* End PBXFileReference section */

/* Begin PBXFrameworksBuildPhase section */
		64A864582C67670F00EFB0CD /* Frameworks */ = {
			isa = PBXFrameworksBuildPhase;
			buildActionMask = 2147483647;
			files = (
			);
			runOnlyForDeploymentPostprocessing = 0;
		};
		64A8646B2C67671000EFB0CD /* Frameworks */ = {
			isa = PBXFrameworksBuildPhase;
			buildActionMask = 2147483647;
			files = (
			);
			runOnlyForDeploymentPostprocessing = 0;
		};
		64A864752C67671000EFB0CD /* Frameworks */ = {
			isa = PBXFrameworksBuildPhase;
			buildActionMask = 2147483647;
			files = (
			);
			runOnlyForDeploymentPostprocessing = 0;
		};
/* End PBXFrameworksBuildPhase section */

/* Begin PBXGroup section */
		64A864522C67670F00EFB0CD = {
			isa = PBXGroup;
			children = (
				64A8645D2C67670F00EFB0CD /* swift-ui */,
				64A864712C67671000EFB0CD /* swift-uiTests */,
				64A8647B2C67671000EFB0CD /* swift-uiUITests */,
				64A8645C2C67670F00EFB0CD /* Products */,
			);
			sourceTree = "<group>";
		};
		64A8645C2C67670F00EFB0CD /* Products */ = {
			isa = PBXGroup;
			children = (
				64A8645B2C67670F00EFB0CD /* swift-ui.app */,
				64A8646E2C67671000EFB0CD /* swift-uiTests.xctest */,
				64A864782C67671000EFB0CD /* swift-uiUITests.xctest */,
			);
			name = Products;
			sourceTree = "<group>";
		};
		64A8645D2C67670F00EFB0CD /* swift-ui */ = {
			isa = PBXGroup;
			children = (
				64A8645E2C67670F00EFB0CD /* swift_uiApp.swift */,
				64A8648B2C6779BB00EFB0CD /* CircleImage.swift */,
				64A8648D2C677C6600EFB0CD /* MapView.swift */,
				64A864602C67670F00EFB0CD /* ContentView.swift */,
				64A864622C67670F00EFB0CD /* Item.swift */,
				64A864642C67671000EFB0CD /* Assets.xcassets */,
				64A864662C67671000EFB0CD /* swift_ui.entitlements */,
				64A864672C67671000EFB0CD /* Preview Content */,
			);
			path = "swift-ui";
			sourceTree = "<group>";
		};
		64A864672C67671000EFB0CD /* Preview Content */ = {
			isa = PBXGroup;
			children = (
				64A864682C67671000EFB0CD /* Preview Assets.xcassets */,
			);
			path = "Preview Content";
			sourceTree = "<group>";
		};
		64A864712C67671000EFB0CD /* swift-uiTests */ = {
			isa = PBXGroup;
			children = (
				64A864722C67671000EFB0CD /* swift_uiTests.swift */,
			);
			path = "swift-uiTests";
			sourceTree = "<group>";
		};
		64A8647B2C67671000EFB0CD /* swift-uiUITests */ = {
			isa = PBXGroup;
			children = (
				64A8647C2C67671000EFB0CD /* swift_uiUITests.swift */,
				64A8647E2C67671000EFB0CD /* swift_uiUITestsLaunchTests.swift */,
			);
			path = "swift-uiUITests";
			sourceTree = "<group>";
		};
/* End PBXGroup section */

/* Begin PBXNativeTarget section */
		64A8645A2C67670F00EFB0CD /* swift-ui */ = {
			isa = PBXNativeTarget;
			buildConfigurationList = 64A864822C67671000EFB0CD /* Build configuration list for PBXNativeTarget "swift-ui" */;
			buildPhases = (
				64A864572C67670F00EFB0CD /* Sources */,
				64A864582C67670F00EFB0CD /* Frameworks */,
				64A864592C67670F00EFB0CD /* Resources */,
			);
			buildRules = (
			);
			dependencies = (
			);
			name = "swift-ui";
			productName = "swift-ui";
			productReference = 64A8645B2C67670F00EFB0CD /* swift-ui.app */;
			productType = "com.apple.product-type.application";
		};
		64A8646D2C67671000EFB0CD /* swift-uiTests */ = {
			isa = PBXNativeTarget;
			buildConfigurationList = 64A864852C67671000EFB0CD /* Build configuration list for PBXNativeTarget "swift-uiTests" */;
			buildPhases = (
				64A8646A2C67671000EFB0CD /* Sources */,
				64A8646B2C67671000EFB0CD /* Frameworks */,
				64A8646C2C67671000EFB0CD /* Resources */,
			);
			buildRules = (
			);
			dependencies = (
				64A864702C67671000EFB0CD /* PBXTargetDependency */,
			);
			name = "swift-uiTests";
			productName = "swift-uiTests";
			productReference = 64A8646E2C67671000EFB0CD /* swift-uiTests.xctest */;
			productType = "com.apple.product-type.bundle.unit-test";
		};
		64A864772C67671000EFB0CD /* swift-uiUITests */ = {
			isa = PBXNativeTarget;
			buildConfigurationList = 64A864882C67671000EFB0CD /* Build configuration list for PBXNativeTarget "swift-uiUITests" */;
			buildPhases = (
				64A864742C67671000EFB0CD /* Sources */,
				64A864752C67671000EFB0CD /* Frameworks */,
				64A864762C67671000EFB0CD /* Resources */,
			);
			buildRules = (
			);
			dependencies = (
				64A8647A2C67671000EFB0CD /* PBXTargetDependency */,
			);
			name = "swift-uiUITests";
			productName = "swift-uiUITests";
			productReference = 64A864782C67671000EFB0CD /* swift-uiUITests.xctest */;
			productType = "com.apple.product-type.bundle.ui-testing";
		};
/* End PBXNativeTarget section */

/* Begin PBXProject section */
		64A864532C67670F00EFB0CD /* Project object */ = {
			isa = PBXProject;
			attributes = {
				BuildIndependentTargetsInParallel = 1;
				LastSwiftUpdateCheck = 1520;
				LastUpgradeCheck = 1520;
				TargetAttributes = {
					64A8645A2C67670F00EFB0CD = {
						CreatedOnToolsVersion = 15.2;
					};
					64A8646D2C67671000EFB0CD = {
						CreatedOnToolsVersion = 15.2;
						TestTargetID = 64A8645A2C67670F00EFB0CD;
					};
					64A864772C67671000EFB0CD = {
						CreatedOnToolsVersion = 15.2;
						TestTargetID = 64A8645A2C67670F00EFB0CD;
					};
				};
			};
			buildConfigurationList = 64A864562C67670F00EFB0CD /* Build configuration list for PBXProject "swift-ui" */;
			compatibilityVersion = "Xcode 14.0";
			developmentRegion = en;
			hasScannedForEncodings = 0;
			knownRegions = (
				en,
				Base,
			);
			mainGroup = 64A864522C67670F00EFB0CD;
			productRefGroup = 64A8645C2C67670F00EFB0CD /* Products */;
			projectDirPath = "";
			projectRoot = "";
			targets = (
				64A8645A2C67670F00EFB0CD /* swift-ui */,
				64A8646D2C67671000EFB0CD /* swift-uiTests */,
				64A864772C67671000EFB0CD /* swift-uiUITests */,
			);
		};
/* End PBXProject section */

/* Begin PBXResourcesBuildPhase section */
		64A864592C67670F00EFB0CD /* Resources */ = {
			isa = PBXResourcesBuildPhase;
			buildActionMask = 2147483647;
			files = (
				64A864692C67671000EFB0CD /* Preview Assets.xcassets in Resources */,
				64A864652C67671000EFB0CD /* Assets.xcassets in Resources */,
			);
			runOnlyForDeploymentPostprocessing = 0;
		};
		64A8646C2C67671000EFB0CD /* Resources */ = {
			isa = PBXResourcesBuildPhase;
			buildActionMask = 2147483647;
			files = (
			);
			runOnlyForDeploymentPostprocessing = 0;
		};
		64A864762C67671000EFB0CD /* Resources */ = {
			isa = PBXResourcesBuildPhase;
			buildActionMask = 2147483647;
			files = (
			);
			runOnlyForDeploymentPostprocessing = 0;
		};
/* End PBXResourcesBuildPhase section */

/* Begin PBXSourcesBuildPhase section */
		64A864572C67670F00EFB0CD /* Sources */ = {
			isa = PBXSourcesBuildPhase;
			buildActionMask = 2147483647;
			files = (
				64A864612C67670F00EFB0CD /* ContentView.swift in Sources */,
				64A8648C2C6779BB00EFB0CD /* CircleImage.swift in Sources */,
				64A8648E2C677C6600EFB0CD /* MapView.swift in Sources */,
				64A864632C67670F00EFB0CD /* Item.swift in Sources */,
				64A8645F2C67670F00EFB0CD /* swift_uiApp.swift in Sources */,
			);
			runOnlyForDeploymentPostprocessing = 0;
		};
		64A8646A2C67671000EFB0CD /* Sources */ = {
			isa = PBXSourcesBuildPhase;
			buildActionMask = 2147483647;
			files = (
				64A864732C67671000EFB0CD /* swift_uiTests.swift in Sources */,
			);
			runOnlyForDeploymentPostprocessing = 0;
		};
		64A864742C67671000EFB0CD /* Sources */ = {
			isa = PBXSourcesBuildPhase;
			buildActionMask = 2147483647;
			files = (
				64A8647F2C67671000EFB0CD /* swift_uiUITestsLaunchTests.swift in Sources */,
				64A8647D2C67671000EFB0CD /* swift_uiUITests.swift in Sources */,
			);
			runOnlyForDeploymentPostprocessing = 0;
		};
/* End PBXSourcesBuildPhase section */

/* Begin PBXTargetDependency section */
		64A864702C67671000EFB0CD /* PBXTargetDependency */ = {
			isa = PBXTargetDependency;
			target = 64A8645A2C67670F00EFB0CD /* swift-ui */;
			targetProxy = 64A8646F2C67671000EFB0CD /* PBXContainerItemProxy */;
		};
		64A8647A2C67671000EFB0CD /* PBXTargetDependency */ = {
			isa = PBXTargetDependency;
			target = 64A8645A2C67670F00EFB0CD /* swift-ui */;
			targetProxy = 64A864792C67671000EFB0CD /* PBXContainerItemProxy */;
		};
/* End PBXTargetDependency section */

/* Begin XCBuildConfiguration section */
		64A864802C67671000EFB0CD /* Debug */ = {
			isa = XCBuildConfiguration;
			buildSettings = {
				ALWAYS_SEARCH_USER_PATHS = NO;
				ASSETCATALOG_COMPILER_GENERATE_SWIFT_ASSET_SYMBOL_EXTENSIONS = YES;
				CLANG_ANALYZER_NONNULL = YES;
				CLANG_ANALYZER_NUMBER_OBJECT_CONVERSION = YES_AGGRESSIVE;
				CLANG_CXX_LANGUAGE_STANDARD = "gnu++20";
				CLANG_ENABLE_MODULES = YES;
				CLANG_ENABLE_OBJC_ARC = YES;
				CLANG_ENABLE_OBJC_WEAK = YES;
				CLANG_WARN_BLOCK_CAPTURE_AUTORELEASING = YES;
				CLANG_WARN_BOOL_CONVERSION = YES;
				CLANG_WARN_COMMA = YES;
				CLANG_WARN_CONSTANT_CONVERSION = YES;
				CLANG_WARN_DEPRECATED_OBJC_IMPLEMENTATIONS = YES;
				CLANG_WARN_DIRECT_OBJC_ISA_USAGE = YES_ERROR;
				CLANG_WARN_DOCUMENTATION_COMMENTS = YES;
				CLANG_WARN_EMPTY_BODY = YES;
				CLANG_WARN_ENUM_CONVERSION = YES;
				CLANG_WARN_INFINITE_RECURSION = YES;
				CLANG_WARN_INT_CONVERSION = YES;
				CLANG_WARN_NON_LITERAL_NULL_CONVERSION = YES;
				CLANG_WARN_OBJC_IMPLICIT_RETAIN_SELF = YES;
				CLANG_WARN_OBJC_LITERAL_CONVERSION = YES;
				CLANG_WARN_OBJC_ROOT_CLASS = YES_ERROR;
				CLANG_WARN_QUOTED_INCLUDE_IN_FRAMEWORK_HEADER = YES;
				CLANG_WARN_RANGE_LOOP_ANALYSIS = YES;
				CLANG_WARN_STRICT_PROTOTYPES = YES;
				CLANG_WARN_SUSPICIOUS_MOVE = YES;
				CLANG_WARN_UNGUARDED_AVAILABILITY = YES_AGGRESSIVE;
				CLANG_WARN_UNREACHABLE_CODE = YES;
				CLANG_WARN__DUPLICATE_METHOD_MATCH = YES;
				COPY_PHASE_STRIP = NO;
				DEBUG_INFORMATION_FORMAT = dwarf;
				ENABLE_STRICT_OBJC_MSGSEND = YES;
				ENABLE_TESTABILITY = YES;
				ENABLE_USER_SCRIPT_SANDBOXING = YES;
				GCC_C_LANGUAGE_STANDARD = gnu17;
				GCC_DYNAMIC_NO_PIC = NO;
				GCC_NO_COMMON_BLOCKS = YES;
				GCC_OPTIMIZATION_LEVEL = 0;
				GCC_PREPROCESSOR_DEFINITIONS = (
					"DEBUG=1",
					"$(inherited)",
				);
				GCC_WARN_64_TO_32_BIT_CONVERSION = YES;
				GCC_WARN_ABOUT_RETURN_TYPE = YES_ERROR;
				GCC_WARN_UNDECLARED_SELECTOR = YES;
				GCC_WARN_UNINITIALIZED_AUTOS = YES_AGGRESSIVE;
				GCC_WARN_UNUSED_FUNCTION = YES;
				GCC_WARN_UNUSED_VARIABLE = YES;
				LOCALIZATION_PREFERS_STRING_CATALOGS = YES;
				MTL_ENABLE_DEBUG_INFO = INCLUDE_SOURCE;
				MTL_FAST_MATH = YES;
				ONLY_ACTIVE_ARCH = YES;
				SWIFT_ACTIVE_COMPILATION_CONDITIONS = "DEBUG $(inherited)";
				SWIFT_OPTIMIZATION_LEVEL = "-Onone";
			};
			name = Debug;
		};
		64A864812C67671000EFB0CD /* Release */ = {
			isa = XCBuildConfiguration;
			buildSettings = {
				ALWAYS_SEARCH_USER_PATHS = NO;
				ASSETCATALOG_COMPILER_GENERATE_SWIFT_ASSET_SYMBOL_EXTENSIONS = YES;
				CLANG_ANALYZER_NONNULL = YES;
				CLANG_ANALYZER_NUMBER_OBJECT_CONVERSION = YES_AGGRESSIVE;
				CLANG_CXX_LANGUAGE_STANDARD = "gnu++20";
				CLANG_ENABLE_MODULES = YES;
				CLANG_ENABLE_OBJC_ARC = YES;
				CLANG_ENABLE_OBJC_WEAK = YES;
				CLANG_WARN_BLOCK_CAPTURE_AUTORELEASING = YES;
				CLANG_WARN_BOOL_CONVERSION = YES;
				CLANG_WARN_COMMA = YES;
				CLANG_WARN_CONSTANT_CONVERSION = YES;
				CLANG_WARN_DEPRECATED_OBJC_IMPLEMENTATIONS = YES;
				CLANG_WARN_DIRECT_OBJC_ISA_USAGE = YES_ERROR;
				CLANG_WARN_DOCUMENTATION_COMMENTS = YES;
				CLANG_WARN_EMPTY_BODY = YES;
				CLANG_WARN_ENUM_CONVERSION = YES;
				CLANG_WARN_INFINITE_RECURSION = YES;
				CLANG_WARN_INT_CONVERSION = YES;
				CLANG_WARN_NON_LITERAL_NULL_CONVERSION = YES;
				CLANG_WARN_OBJC_IMPLICIT_RETAIN_SELF = YES;
				CLANG_WARN_OBJC_LITERAL_CONVERSION = YES;
				CLANG_WARN_OBJC_ROOT_CLASS = YES_ERROR;
				CLANG_WARN_QUOTED_INCLUDE_IN_FRAMEWORK_HEADER = YES;
				CLANG_WARN_RANGE_LOOP_ANALYSIS = YES;
				CLANG_WARN_STRICT_PROTOTYPES = YES;
				CLANG_WARN_SUSPICIOUS_MOVE = YES;
				CLANG_WARN_UNGUARDED_AVAILABILITY = YES_AGGRESSIVE;
				CLANG_WARN_UNREACHABLE_CODE = YES;
				CLANG_WARN__DUPLICATE_METHOD_MATCH = YES;
				COPY_PHASE_STRIP = NO;
				DEBUG_INFORMATION_FORMAT = "dwarf-with-dsym";
				ENABLE_NS_ASSERTIONS = NO;
				ENABLE_STRICT_OBJC_MSGSEND = YES;
				ENABLE_USER_SCRIPT_SANDBOXING = YES;
				GCC_C_LANGUAGE_STANDARD = gnu17;
				GCC_NO_COMMON_BLOCKS = YES;
				GCC_WARN_64_TO_32_BIT_CONVERSION = YES;
				GCC_WARN_ABOUT_RETURN_TYPE = YES_ERROR;
				GCC_WARN_UNDECLARED_SELECTOR = YES;
				GCC_WARN_UNINITIALIZED_AUTOS = YES_AGGRESSIVE;
				GCC_WARN_UNUSED_FUNCTION = YES;
				GCC_WARN_UNUSED_VARIABLE = YES;
				LOCALIZATION_PREFERS_STRING_CATALOGS = YES;
				MTL_ENABLE_DEBUG_INFO = NO;
				MTL_FAST_MATH = YES;
				SWIFT_COMPILATION_MODE = wholemodule;
			};
			name = Release;
		};
		64A864832C67671000EFB0CD /* Debug */ = {
			isa = XCBuildConfiguration;
			buildSettings = {
				ASSETCATALOG_COMPILER_APPICON_NAME = AppIcon;
				ASSETCATALOG_COMPILER_GLOBAL_ACCENT_COLOR_NAME = AccentColor;
				CODE_SIGN_ENTITLEMENTS = "swift-ui/swift_ui.entitlements";
				CODE_SIGN_STYLE = Automatic;
				CURRENT_PROJECT_VERSION = 1;
				DEVELOPMENT_ASSET_PATHS = "\"swift-ui/Preview Content\"";
				DEVELOPMENT_TEAM = 84GVAX3L73;
				ENABLE_HARDENED_RUNTIME = YES;
				ENABLE_PREVIEWS = YES;
				GENERATE_INFOPLIST_FILE = YES;
				"INFOPLIST_KEY_UIApplicationSceneManifest_Generation[sdk=iphoneos*]" = YES;
				"INFOPLIST_KEY_UIApplicationSceneManifest_Generation[sdk=iphonesimulator*]" = YES;
				"INFOPLIST_KEY_UIApplicationSupportsIndirectInputEvents[sdk=iphoneos*]" = YES;
				"INFOPLIST_KEY_UIApplicationSupportsIndirectInputEvents[sdk=iphonesimulator*]" = YES;
				"INFOPLIST_KEY_UILaunchScreen_Generation[sdk=iphoneos*]" = YES;
				"INFOPLIST_KEY_UILaunchScreen_Generation[sdk=iphonesimulator*]" = YES;
				"INFOPLIST_KEY_UIStatusBarStyle[sdk=iphoneos*]" = UIStatusBarStyleDefault;
				"INFOPLIST_KEY_UIStatusBarStyle[sdk=iphonesimulator*]" = UIStatusBarStyleDefault;
				INFOPLIST_KEY_UISupportedInterfaceOrientations_iPad = "UIInterfaceOrientationPortrait UIInterfaceOrientationPortraitUpsideDown UIInterfaceOrientationLandscapeLeft UIInterfaceOrientationLandscapeRight";
				INFOPLIST_KEY_UISupportedInterfaceOrientations_iPhone = "UIInterfaceOrientationPortrait UIInterfaceOrientationLandscapeLeft UIInterfaceOrientationLandscapeRight";
				IPHONEOS_DEPLOYMENT_TARGET = 17.2;
				LD_RUNPATH_SEARCH_PATHS = "@executable_path/Frameworks";
				"LD_RUNPATH_SEARCH_PATHS[sdk=macosx*]" = "@executable_path/../Frameworks";
				MACOSX_DEPLOYMENT_TARGET = 14.0;
				MARKETING_VERSION = 1.0;
				PRODUCT_BUNDLE_IDENTIFIER = "snowra.swift-ui";
				PRODUCT_NAME = "$(TARGET_NAME)";
				SDKROOT = auto;
				SUPPORTED_PLATFORMS = "iphoneos iphonesimulator macosx";
				SWIFT_EMIT_LOC_STRINGS = YES;
				SWIFT_VERSION = 5.0;
				TARGETED_DEVICE_FAMILY = "1,2";
			};
			name = Debug;
		};
		64A864842C67671000EFB0CD /* Release */ = {
			isa = XCBuildConfiguration;
			buildSettings = {
				ASSETCATALOG_COMPILER_APPICON_NAME = AppIcon;
				ASSETCATALOG_COMPILER_GLOBAL_ACCENT_COLOR_NAME = AccentColor;
				CODE_SIGN_ENTITLEMENTS = "swift-ui/swift_ui.entitlements";
				CODE_SIGN_STYLE = Automatic;
				CURRENT_PROJECT_VERSION = 1;
				DEVELOPMENT_ASSET_PATHS = "\"swift-ui/Preview Content\"";
				DEVELOPMENT_TEAM = 84GVAX3L73;
				ENABLE_HARDENED_RUNTIME = YES;
				ENABLE_PREVIEWS = YES;
				GENERATE_INFOPLIST_FILE = YES;
				"INFOPLIST_KEY_UIApplicationSceneManifest_Generation[sdk=iphoneos*]" = YES;
				"INFOPLIST_KEY_UIApplicationSceneManifest_Generation[sdk=iphonesimulator*]" = YES;
				"INFOPLIST_KEY_UIApplicationSupportsIndirectInputEvents[sdk=iphoneos*]" = YES;
				"INFOPLIST_KEY_UIApplicationSupportsIndirectInputEvents[sdk=iphonesimulator*]" = YES;
				"INFOPLIST_KEY_UILaunchScreen_Generation[sdk=iphoneos*]" = YES;
				"INFOPLIST_KEY_UILaunchScreen_Generation[sdk=iphonesimulator*]" = YES;
				"INFOPLIST_KEY_UIStatusBarStyle[sdk=iphoneos*]" = UIStatusBarStyleDefault;
				"INFOPLIST_KEY_UIStatusBarStyle[sdk=iphonesimulator*]" = UIStatusBarStyleDefault;
				INFOPLIST_KEY_UISupportedInterfaceOrientations_iPad = "UIInterfaceOrientationPortrait UIInterfaceOrientationPortraitUpsideDown UIInterfaceOrientationLandscapeLeft UIInterfaceOrientationLandscapeRight";
				INFOPLIST_KEY_UISupportedInterfaceOrientations_iPhone = "UIInterfaceOrientationPortrait UIInterfaceOrientationLandscapeLeft UIInterfaceOrientationLandscapeRight";
				IPHONEOS_DEPLOYMENT_TARGET = 17.2;
				LD_RUNPATH_SEARCH_PATHS = "@executable_path/Frameworks";
				"LD_RUNPATH_SEARCH_PATHS[sdk=macosx*]" = "@executable_path/../Frameworks";
				MACOSX_DEPLOYMENT_TARGET = 14.0;
				MARKETING_VERSION = 1.0;
				PRODUCT_BUNDLE_IDENTIFIER = "snowra.swift-ui";
				PRODUCT_NAME = "$(TARGET_NAME)";
				SDKROOT = auto;
				SUPPORTED_PLATFORMS = "iphoneos iphonesimulator macosx";
				SWIFT_EMIT_LOC_STRINGS = YES;
				SWIFT_VERSION = 5.0;
				TARGETED_DEVICE_FAMILY = "1,2";
			};
			name = Release;
		};
		64A864862C67671000EFB0CD /* Debug */ = {
			isa = XCBuildConfiguration;
			buildSettings = {
				ALWAYS_EMBED_SWIFT_STANDARD_LIBRARIES = YES;
				BUNDLE_LOADER = "$(TEST_HOST)";
				CODE_SIGN_STYLE = Automatic;
				CURRENT_PROJECT_VERSION = 1;
				DEVELOPMENT_TEAM = 84GVAX3L73;
				GENERATE_INFOPLIST_FILE = YES;
				IPHONEOS_DEPLOYMENT_TARGET = 17.2;
				MACOSX_DEPLOYMENT_TARGET = 14.2;
				MARKETING_VERSION = 1.0;
				PRODUCT_BUNDLE_IDENTIFIER = "snowra.swift-uiTests";
				PRODUCT_NAME = "$(TARGET_NAME)";
				SDKROOT = auto;
				SUPPORTED_PLATFORMS = "iphoneos iphonesimulator macosx";
				SWIFT_EMIT_LOC_STRINGS = NO;
				SWIFT_VERSION = 5.0;
				TARGETED_DEVICE_FAMILY = "1,2";
				TEST_HOST = "$(BUILT_PRODUCTS_DIR)/swift-ui.app/$(BUNDLE_EXECUTABLE_FOLDER_PATH)/swift-ui";
			};
			name = Debug;
		};
		64A864872C67671000EFB0CD /* Release */ = {
			isa = XCBuildConfiguration;
			buildSettings = {
				ALWAYS_EMBED_SWIFT_STANDARD_LIBRARIES = YES;
				BUNDLE_LOADER = "$(TEST_HOST)";
				CODE_SIGN_STYLE = Automatic;
				CURRENT_PROJECT_VERSION = 1;
				DEVELOPMENT_TEAM = 84GVAX3L73;
				GENERATE_INFOPLIST_FILE = YES;
				IPHONEOS_DEPLOYMENT_TARGET = 17.2;
				MACOSX_DEPLOYMENT_TARGET = 14.2;
				MARKETING_VERSION = 1.0;
				PRODUCT_BUNDLE_IDENTIFIER = "snowra.swift-uiTests";
				PRODUCT_NAME = "$(TARGET_NAME)";
				SDKROOT = auto;
				SUPPORTED_PLATFORMS = "iphoneos iphonesimulator macosx";
				SWIFT_EMIT_LOC_STRINGS = NO;
				SWIFT_VERSION = 5.0;
				TARGETED_DEVICE_FAMILY = "1,2";
				TEST_HOST = "$(BUILT_PRODUCTS_DIR)/swift-ui.app/$(BUNDLE_EXECUTABLE_FOLDER_PATH)/swift-ui";
			};
			name = Release;
		};
		64A864892C67671000EFB0CD /* Debug */ = {
			isa = XCBuildConfiguration;
			buildSettings = {
				ALWAYS_EMBED_SWIFT_STANDARD_LIBRARIES = YES;
				CODE_SIGN_STYLE = Automatic;
				CURRENT_PROJECT_VERSION = 1;
				DEVELOPMENT_TEAM = 84GVAX3L73;
				GENERATE_INFOPLIST_FILE = YES;
				IPHONEOS_DEPLOYMENT_TARGET = 17.2;
				MACOSX_DEPLOYMENT_TARGET = 14.2;
				MARKETING_VERSION = 1.0;
				PRODUCT_BUNDLE_IDENTIFIER = "snowra.swift-uiUITests";
				PRODUCT_NAME = "$(TARGET_NAME)";
				SDKROOT = auto;
				SUPPORTED_PLATFORMS = "iphoneos iphonesimulator macosx";
				SWIFT_EMIT_LOC_STRINGS = NO;
				SWIFT_VERSION = 5.0;
				TARGETED_DEVICE_FAMILY = "1,2";
				TEST_TARGET_NAME = "swift-ui";
			};
			name = Debug;
		};
		64A8648A2C67671000EFB0CD /* Release */ = {
			isa = XCBuildConfiguration;
			buildSettings = {
				ALWAYS_EMBED_SWIFT_STANDARD_LIBRARIES = YES;
				CODE_SIGN_STYLE = Automatic;
				CURRENT_PROJECT_VERSION = 1;
				DEVELOPMENT_TEAM = 84GVAX3L73;
				GENERATE_INFOPLIST_FILE = YES;
				IPHONEOS_DEPLOYMENT_TARGET = 17.2;
				MACOSX_DEPLOYMENT_TARGET = 14.2;
				MARKETING_VERSION = 1.0;
				PRODUCT_BUNDLE_IDENTIFIER = "snowra.swift-uiUITests";
				PRODUCT_NAME = "$(TARGET_NAME)";
				SDKROOT = auto;
				SUPPORTED_PLATFORMS = "iphoneos iphonesimulator macosx";
				SWIFT_EMIT_LOC_STRINGS = NO;
				SWIFT_VERSION = 5.0;
				TARGETED_DEVICE_FAMILY = "1,2";
				TEST_TARGET_NAME = "swift-ui";
			};
			name = Release;
		};
/* End XCBuildConfiguration section */

/* Begin XCConfigurationList section */
		64A864562C67670F00EFB0CD /* Build configuration list for PBXProject "swift-ui" */ = {
			isa = XCConfigurationList;
			buildConfigurations = (
				64A864802C67671000EFB0CD /* Debug */,
				64A864812C67671000EFB0CD /* Release */,
			);
			defaultConfigurationIsVisible = 0;
			defaultConfigurationName = Release;
		};
		64A864822C67671000EFB0CD /* Build configuration list for PBXNativeTarget "swift-ui" */ = {
			isa = XCConfigurationList;
			buildConfigurations = (
				64A864832C67671000EFB0CD /* Debug */,
				64A864842C67671000EFB0CD /* Release */,
			);
			defaultConfigurationIsVisible = 0;
			defaultConfigurationName = Release;
		};
		64A864852C67671000EFB0CD /* Build configuration list for PBXNativeTarget "swift-uiTests" */ = {
			isa = XCConfigurationList;
			buildConfigurations = (
				64A864862C67671000EFB0CD /* Debug */,
				64A864872C67671000EFB0CD /* Release */,
			);
			defaultConfigurationIsVisible = 0;
			defaultConfigurationName = Release;
		};
		64A864882C67671000EFB0CD /* Build configuration list for PBXNativeTarget "swift-uiUITests" */ = {
			isa = XCConfigurationList;
			buildConfigurations = (
				64A864892C67671000EFB0CD /* Debug */,
				64A8648A2C67671000EFB0CD /* Release */,
			);
			defaultConfigurationIsVisible = 0;
			defaultConfigurationName = Release;
		};
/* End XCConfigurationList section */
	};
	rootObject = 64A864532C67670F00EFB0CD /* Project object */;
}
